
Microsoft Visual Studio Solution File, Format Version 12.00
# Visual Studio Version 17
VisualStudioVersion = 17.0.31903.59
MinimumVisualStudioVersion = 10.0.40219.1
Project("{2150E333-8FDC-42A3-9474-1A3956D46DE8}") = "src", "src", "{2C35E1B1-EFE0-4801-B0C5-E7691E6E9FF0}"
EndProject
Project("{FAE04EC0-301F-11D3-BF4B-00C04F79EFBC}") = "BDStore.Application", "src\BDStore.Application\BDStore.Application.csproj", "{232A93F8-46A5-4A08-84A4-AAB055DB65FD}"
EndProject
Project("{FAE04EC0-301F-11D3-BF4B-00C04F79EFBC}") = "BDStore.Domain", "src\BDStore.Domain\BDStore.Domain.csproj", "{518479EE-3BEC-4D6D-9B4A-E1B33789FBE8}"
EndProject
Project("{FAE04EC0-301F-11D3-BF4B-00C04F79EFBC}") = "BDStore.Infra", "src\BDStore.Infra\BDStore.Infra.csproj", "{6DBBC85E-48DC-41FB-93BC-D71FAF60037D}"
EndProject
Project("{FAE04EC0-301F-11D3-BF4B-00C04F79EFBC}") = "BDStore.Api", "src\BDStore.Api\BDStore.Api.csproj", "{17C8F598-4C25-42C7-AA1F-9812E5DDCD17}"
EndProject
Global
	GlobalSection(SolutionConfigurationPlatforms) = preSolution
		Debug|Any CPU = Debug|Any CPU
		Release|Any CPU = Release|Any CPU
	EndGlobalSection
	GlobalSection(SolutionProperties) = preSolution
		HideSolutionNode = FALSE
	EndGlobalSection
	GlobalSection(ProjectConfigurationPlatforms) = postSolution
		{232A93F8-46A5-4A08-84A4-AAB055DB65FD}.Debug|Any CPU.ActiveCfg = Debug|Any CPU
		{232A93F8-46A5-4A08-84A4-AAB055DB65FD}.Debug|Any CPU.Build.0 = Debug|Any CPU
		{232A93F8-46A5-4A08-84A4-AAB055DB65FD}.Release|Any CPU.ActiveCfg = Release|Any CPU
		{232A93F8-46A5-4A08-84A4-AAB055DB65FD}.Release|Any CPU.Build.0 = Release|Any CPU
		{518479EE-3BEC-4D6D-9B4A-E1B33789FBE8}.Debug|Any CPU.ActiveCfg = Debug|Any CPU
		{518479EE-3BEC-4D6D-9B4A-E1B33789FBE8}.Debug|Any CPU.Build.0 = Debug|Any CPU
		{518479EE-3BEC-4D6D-9B4A-E1B33789FBE8}.Release|Any CPU.ActiveCfg = Release|Any CPU
		{518479EE-3BEC-4D6D-9B4A-E1B33789FBE8}.Release|Any CPU.Build.0 = Release|Any CPU
		{6DBBC85E-48DC-41FB-93BC-D71FAF60037D}.Debug|Any CPU.ActiveCfg = Debug|Any CPU
		{6DBBC85E-48DC-41FB-93BC-D71FAF60037D}.Debug|Any CPU.Build.0 = Debug|Any CPU
		{6DBBC85E-48DC-41FB-93BC-D71FAF60037D}.Release|Any CPU.ActiveCfg = Release|Any CPU
		{6DBBC85E-48DC-41FB-93BC-D71FAF60037D}.Release|Any CPU.Build.0 = Release|Any CPU
		{17C8F598-4C25-42C7-AA1F-9812E5DDCD17}.Debug|Any CPU.ActiveCfg = Debug|Any CPU
		{17C8F598-4C25-42C7-AA1F-9812E5DDCD17}.Debug|Any CPU.Build.0 = Debug|Any CPU
		{17C8F598-4C25-42C7-AA1F-9812E5DDCD17}.Release|Any CPU.ActiveCfg = Release|Any CPU
		{17C8F598-4C25-42C7-AA1F-9812E5DDCD17}.Release|Any CPU.Build.0 = Release|Any CPU
	EndGlobalSection
	GlobalSection(NestedProjects) = preSolution
		{232A93F8-46A5-4A08-84A4-AAB055DB65FD} = {2C35E1B1-EFE0-4801-B0C5-E7691E6E9FF0}
		{518479EE-3BEC-4D6D-9B4A-E1B33789FBE8} = {2C35E1B1-EFE0-4801-B0C5-E7691E6E9FF0}
		{6DBBC85E-48DC-41FB-93BC-D71FAF60037D} = {2C35E1B1-EFE0-4801-B0C5-E7691E6E9FF0}
		{17C8F598-4C25-42C7-AA1F-9812E5DDCD17} = {2C35E1B1-EFE0-4801-B0C5-E7691E6E9FF0}
	EndGlobalSection
EndGlobal
